
Microsoft Visual Studio Solution File, Format Version 12.00
# Visual Studio 15
VisualStudioVersion = 15.0.27703.2042
MinimumVisualStudioVersion = 10.0.40219.1
Project("{FAE04EC0-301F-11D3-BF4B-00C04F79EFBC}") = "CityBook.ConsoleApp", "CityBook\CityBook.ConsoleApp.csproj", "{1085F733-E8EC-47D4-A6C6-B315851911E7}"
EndProject
Project("{FAE04EC0-301F-11D3-BF4B-00C04F79EFBC}") = "CityBook.Models", "CityBook.Models\CityBook.Models.csproj", "{293DDC48-98D9-4C1D-A261-55651065B962}"
EndProject
Project("{FAE04EC0-301F-11D3-BF4B-00C04F79EFBC}") = "CityBook.Services", "CityBook.Services\CityBook.Services.csproj", "{244259C6-9D3A-4E00-A913-03D4D1E2E27E}"
EndProject
Project("{FAE04EC0-301F-11D3-BF4B-00C04F79EFBC}") = "CityBook.Services.Abstract", "CityBook.Services.Abstract\CityBook.Services.Abstract.csproj", "{B3B6AFBB-AE7E-4988-9B2C-2EA0E03D08F2}"
EndProject
Project("{FAE04EC0-301F-11D3-BF4B-00C04F79EFBC}") = "CityBook.DataAccesss", "CityBook.DataAccesss\CityBook.DataAccesss.csproj", "{A9E59837-7C51-41D5-97EB-91ABCE9E87D9}"
EndProject
Global
	GlobalSection(SolutionConfigurationPlatforms) = preSolution
		Debug|Any CPU = Debug|Any CPU
		Release|Any CPU = Release|Any CPU
	EndGlobalSection
	GlobalSection(ProjectConfigurationPlatforms) = postSolution
		{1085F733-E8EC-47D4-A6C6-B315851911E7}.Debug|Any CPU.ActiveCfg = Debug|Any CPU
		{1085F733-E8EC-47D4-A6C6-B315851911E7}.Debug|Any CPU.Build.0 = Debug|Any CPU
		{1085F733-E8EC-47D4-A6C6-B315851911E7}.Release|Any CPU.ActiveCfg = Release|Any CPU
		{1085F733-E8EC-47D4-A6C6-B315851911E7}.Release|Any CPU.Build.0 = Release|Any CPU
		{293DDC48-98D9-4C1D-A261-55651065B962}.Debug|Any CPU.ActiveCfg = Debug|Any CPU
		{293DDC48-98D9-4C1D-A261-55651065B962}.Debug|Any CPU.Build.0 = Debug|Any CPU
		{293DDC48-98D9-4C1D-A261-55651065B962}.Release|Any CPU.ActiveCfg = Release|Any CPU
		{293DDC48-98D9-4C1D-A261-55651065B962}.Release|Any CPU.Build.0 = Release|Any CPU
		{244259C6-9D3A-4E00-A913-03D4D1E2E27E}.Debug|Any CPU.ActiveCfg = Debug|Any CPU
		{244259C6-9D3A-4E00-A913-03D4D1E2E27E}.Debug|Any CPU.Build.0 = Debug|Any CPU
		{244259C6-9D3A-4E00-A913-03D4D1E2E27E}.Release|Any CPU.ActiveCfg = Release|Any CPU
		{244259C6-9D3A-4E00-A913-03D4D1E2E27E}.Release|Any CPU.Build.0 = Release|Any CPU
		{B3B6AFBB-AE7E-4988-9B2C-2EA0E03D08F2}.Debug|Any CPU.ActiveCfg = Debug|Any CPU
		{B3B6AFBB-AE7E-4988-9B2C-2EA0E03D08F2}.Debug|Any CPU.Build.0 = Debug|Any CPU
		{B3B6AFBB-AE7E-4988-9B2C-2EA0E03D08F2}.Release|Any CPU.ActiveCfg = Release|Any CPU
		{B3B6AFBB-AE7E-4988-9B2C-2EA0E03D08F2}.Release|Any CPU.Build.0 = Release|Any CPU
		{A9E59837-7C51-41D5-97EB-91ABCE9E87D9}.Debug|Any CPU.ActiveCfg = Debug|Any CPU
		{A9E59837-7C51-41D5-97EB-91ABCE9E87D9}.Debug|Any CPU.Build.0 = Debug|Any CPU
		{A9E59837-7C51-41D5-97EB-91ABCE9E87D9}.Release|Any CPU.ActiveCfg = Release|Any CPU
		{A9E59837-7C51-41D5-97EB-91ABCE9E87D9}.Release|Any CPU.Build.0 = Release|Any CPU
	EndGlobalSection
	GlobalSection(SolutionProperties) = preSolution
		HideSolutionNode = FALSE
	EndGlobalSection
	GlobalSection(ExtensibilityGlobals) = postSolution
		SolutionGuid = {131F1735-1CF1-41E4-A3C1-207F27BB8650}
	EndGlobalSection
EndGlobal
